
Microsoft Visual Studio Solution File, Format Version 12.00
# Visual Studio Version 17
VisualStudioVersion = 17.2.32630.192
MinimumVisualStudioVersion = 10.0.40219.1
Project("{FAE04EC0-301F-11D3-BF4B-00C04F79EFBC}") = "TimeTrackWebApp", "TimeTrackWebApp.csproj", "{F7F1E944-0A3F-450B-89F1-0365A8EEEC5F}"
EndProject
Global
	GlobalSection(SolutionConfigurationPlatforms) = preSolution
		Debug|Any CPU = Debug|Any CPU
		Release|Any CPU = Release|Any CPU
	EndGlobalSection
	GlobalSection(ProjectConfigurationPlatforms) = postSolution
		{F7F1E944-0A3F-450B-89F1-0365A8EEEC5F}.Debug|Any CPU.ActiveCfg = Debug|Any CPU
		{F7F1E944-0A3F-450B-89F1-0365A8EEEC5F}.Debug|Any CPU.Build.0 = Debug|Any CPU
		{F7F1E944-0A3F-450B-89F1-0365A8EEEC5F}.Release|Any CPU.ActiveCfg = Release|Any CPU
		{F7F1E944-0A3F-450B-89F1-0365A8EEEC5F}.Release|Any CPU.Build.0 = Release|Any CPU
	EndGlobalSection
	GlobalSection(SolutionProperties) = preSolution
		HideSolutionNode = FALSE
	EndGlobalSection
	GlobalSection(ExtensibilityGlobals) = postSolution
		SolutionGuid = {1836A3E1-2604-4EE4-92CF-895D5E41414C}
	EndGlobalSection
EndGlobal
